
Microsoft Visual Studio Solution File, Format Version 12.00
# Visual Studio Version 17
VisualStudioVersion = 17.3.32929.385
MinimumVisualStudioVersion = 10.0.40219.1
Project("{FAE04EC0-301F-11D3-BF4B-00C04F79EFBC}") = "4", "4.csproj", "{9EB3DB68-21AD-4F4D-B842-B9AD69AD4860}"
EndProject
Global
	GlobalSection(SolutionConfigurationPlatforms) = preSolution
		Debug|Any CPU = Debug|Any CPU
		Release|Any CPU = Release|Any CPU
	EndGlobalSection
	GlobalSection(ProjectConfigurationPlatforms) = postSolution
		{9EB3DB68-21AD-4F4D-B842-B9AD69AD4860}.Debug|Any CPU.ActiveCfg = Debug|Any CPU
		{9EB3DB68-21AD-4F4D-B842-B9AD69AD4860}.Debug|Any CPU.Build.0 = Debug|Any CPU
		{9EB3DB68-21AD-4F4D-B842-B9AD69AD4860}.Release|Any CPU.ActiveCfg = Release|Any CPU
		{9EB3DB68-21AD-4F4D-B842-B9AD69AD4860}.Release|Any CPU.Build.0 = Release|Any CPU
	EndGlobalSection
	GlobalSection(SolutionProperties) = preSolution
		HideSolutionNode = FALSE
	EndGlobalSection
	GlobalSection(ExtensibilityGlobals) = postSolution
		SolutionGuid = {10CDCA28-86F2-454B-B52B-1D1EE09E16ED}
	EndGlobalSection
EndGlobal
